
Microsoft Visual Studio Solution File, Format Version 12.00
# Visual Studio Version 17
VisualStudioVersion = 17.6.33815.320
MinimumVisualStudioVersion = 10.0.40219.1
Project("{FAE04EC0-301F-11D3-BF4B-00C04F79EFBC}") = "Escher Group Take Home Test - Bellamy Gutierrez", "Escher Group Take Home Test - Bellamy Gutierrez.csproj", "{39B12FAF-EC07-493B-87B4-9897D9CFDFDF}"
EndProject
Project("{FAE04EC0-301F-11D3-BF4B-00C04F79EFBC}") = "Bellamy Escher Unit Tests", "..\Bellamy Escher Unit Tests\Bellamy Escher Unit Tests.csproj", "{3D2DD309-3605-4591-8F2C-A7C8CE51F2F9}"
EndProject
Global
	GlobalSection(SolutionConfigurationPlatforms) = preSolution
		Debug|Any CPU = Debug|Any CPU
		Release|Any CPU = Release|Any CPU
	EndGlobalSection
	GlobalSection(ProjectConfigurationPlatforms) = postSolution
		{39B12FAF-EC07-493B-87B4-9897D9CFDFDF}.Debug|Any CPU.ActiveCfg = Debug|Any CPU
		{39B12FAF-EC07-493B-87B4-9897D9CFDFDF}.Debug|Any CPU.Build.0 = Debug|Any CPU
		{39B12FAF-EC07-493B-87B4-9897D9CFDFDF}.Release|Any CPU.ActiveCfg = Release|Any CPU
		{39B12FAF-EC07-493B-87B4-9897D9CFDFDF}.Release|Any CPU.Build.0 = Release|Any CPU
		{3D2DD309-3605-4591-8F2C-A7C8CE51F2F9}.Debug|Any CPU.ActiveCfg = Debug|Any CPU
		{3D2DD309-3605-4591-8F2C-A7C8CE51F2F9}.Debug|Any CPU.Build.0 = Debug|Any CPU
		{3D2DD309-3605-4591-8F2C-A7C8CE51F2F9}.Release|Any CPU.ActiveCfg = Release|Any CPU
		{3D2DD309-3605-4591-8F2C-A7C8CE51F2F9}.Release|Any CPU.Build.0 = Release|Any CPU
	EndGlobalSection
	GlobalSection(SolutionProperties) = preSolution
		HideSolutionNode = FALSE
	EndGlobalSection
	GlobalSection(ExtensibilityGlobals) = postSolution
		SolutionGuid = {442DEFB9-D27B-412F-AAF3-0E7708150EFE}
	EndGlobalSection
EndGlobal
